// !$*UTF8*$!
{
	archiveVersion = 1;
	classes = {
	};
	objectVersion = 46;
	objects = {

/* Begin PBXBuildFile section */
		881902101E5FE8970099B1AE /* AppDelegate.swift in Sources */ = {isa = PBXBuildFile; fileRef = 8819020F1E5FE8970099B1AE /* AppDelegate.swift */; };
		881902121E5FE8970099B1AE /* LoginVC.swift in Sources */ = {isa = PBXBuildFile; fileRef = 881902111E5FE8970099B1AE /* LoginVC.swift */; };
		881902151E5FE8970099B1AE /* Main.storyboard in Resources */ = {isa = PBXBuildFile; fileRef = 881902131E5FE8970099B1AE /* Main.storyboard */; };
		881902171E5FE8970099B1AE /* Assets.xcassets in Resources */ = {isa = PBXBuildFile; fileRef = 881902161E5FE8970099B1AE /* Assets.xcassets */; };
		8819021A1E5FE8970099B1AE /* LaunchScreen.storyboard in Resources */ = {isa = PBXBuildFile; fileRef = 881902181E5FE8970099B1AE /* LaunchScreen.storyboard */; };
		88E2DF551E650FE200035716 /* MusicListVC.swift in Sources */ = {isa = PBXBuildFile; fileRef = 88E2DF541E650FE200035716 /* MusicListVC.swift */; };
		88E2DF571E65176500035716 /* PlaySongVC.swift in Sources */ = {isa = PBXBuildFile; fileRef = 88E2DF561E65176500035716 /* PlaySongVC.swift */; };
/* End PBXBuildFile section */

/* Begin PBXFileReference section */
		8819020C1E5FE8970099B1AE /* SwappingScreen.app */ = {isa = PBXFileReference; explicitFileType = wrapper.application; includeInIndex = 0; path = SwappingScreen.app; sourceTree = BUILT_PRODUCTS_DIR; };
		8819020F1E5FE8970099B1AE /* AppDelegate.swift */ = {isa = PBXFileReference; lastKnownFileType = sourcecode.swift; path = AppDelegate.swift; sourceTree = "<group>"; };
		881902111E5FE8970099B1AE /* LoginVC.swift */ = {isa = PBXFileReference; lastKnownFileType = sourcecode.swift; path = LoginVC.swift; sourceTree = "<group>"; };
		881902141E5FE8970099B1AE /* Base */ = {isa = PBXFileReference; lastKnownFileType = file.storyboard; name = Base; path = Base.lproj/Main.storyboard; sourceTree = "<group>"; };
		881902161E5FE8970099B1AE /* Assets.xcassets */ = {isa = PBXFileReference; lastKnownFileType = folder.assetcatalog; path = Assets.xcassets; sourceTree = "<group>"; };
		881902191E5FE8970099B1AE /* Base */ = {isa = PBXFileReference; lastKnownFileType = file.storyboard; name = Base; path = Base.lproj/LaunchScreen.storyboard; sourceTree = "<group>"; };
		8819021B1E5FE8970099B1AE /* Info.plist */ = {isa = PBXFileReference; lastKnownFileType = text.plist.xml; path = Info.plist; sourceTree = "<group>"; };
		88E2DF541E650FE200035716 /* MusicListVC.swift */ = {isa = PBXFileReference; fileEncoding = 4; lastKnownFileType = sourcecode.swift; path = MusicListVC.swift; sourceTree = "<group>"; };
		88E2DF561E65176500035716 /* PlaySongVC.swift */ = {isa = PBXFileReference; fileEncoding = 4; lastKnownFileType = sourcecode.swift; name = PlaySongVC.swift; path = ../PlaySongVC.swift; sourceTree = "<group>"; };
/* End PBXFileReference section */

/* Begin PBXFrameworksBuildPhase section */
		881902091E5FE8970099B1AE /* Frameworks */ = {
			isa = PBXFrameworksBuildPhase;
			buildActionMask = 2147483647;
			files = (
			);
			runOnlyForDeploymentPostprocessing = 0;
		};
/* End PBXFrameworksBuildPhase section */

/* Begin PBXGroup section */
		881902031E5FE8970099B1AE = {
			isa = PBXGroup;
			children = (
				8819020E1E5FE8970099B1AE /* SwappingScreen */,
				8819020D1E5FE8970099B1AE /* Products */,
			);
			sourceTree = "<group>";
		};
		8819020D1E5FE8970099B1AE /* Products */ = {
			isa = PBXGroup;
			children = (
				8819020C1E5FE8970099B1AE /* SwappingScreen.app */,
			);
			name = Products;
			sourceTree = "<group>";
		};
		8819020E1E5FE8970099B1AE /* SwappingScreen */ = {
			isa = PBXGroup;
			children = (
				8819020F1E5FE8970099B1AE /* AppDelegate.swift */,
				881902111E5FE8970099B1AE /* LoginVC.swift */,
				88E2DF541E650FE200035716 /* MusicListVC.swift */,
				88E2DF561E65176500035716 /* PlaySongVC.swift */,
				881902131E5FE8970099B1AE /* Main.storyboard */,
				881902161E5FE8970099B1AE /* Assets.xcassets */,
				881902181E5FE8970099B1AE /* LaunchScreen.storyboard */,
				8819021B1E5FE8970099B1AE /* Info.plist */,
			);
			path = SwappingScreen;
			sourceTree = "<group>";
		};
/* End PBXGroup section */

/* Begin PBXNativeTarget section */
		8819020B1E5FE8970099B1AE /* SwappingScreen */ = {
			isa = PBXNativeTarget;
			buildConfigurationList = 8819021E1E5FE8970099B1AE /* Build configuration list for PBXNativeTarget "SwappingScreen" */;
			buildPhases = (
				881902081E5FE8970099B1AE /* Sources */,
				881902091E5FE8970099B1AE /* Frameworks */,
				8819020A1E5FE8970099B1AE /* Resources */,
			);
			buildRules = (
			);
			dependencies = (
			);
			name = SwappingScreen;
			productName = SwappingScreen;
			productReference = 8819020C1E5FE8970099B1AE /* SwappingScreen.app */;
			productType = "com.apple.product-type.application";
		};
/* End PBXNativeTarget section */

/* Begin PBXProject section */
		881902041E5FE8970099B1AE /* Project object */ = {
			isa = PBXProject;
			attributes = {
				LastSwiftUpdateCheck = 0820;
				LastUpgradeCheck = 0820;
				ORGANIZATIONNAME = "Lamond Dixon";
				TargetAttributes = {
					8819020B1E5FE8970099B1AE = {
						CreatedOnToolsVersion = 8.2.1;
						ProvisioningStyle = Automatic;
					};
				};
			};
			buildConfigurationList = 881902071E5FE8970099B1AE /* Build configuration list for PBXProject "SwappingScreen" */;
			compatibilityVersion = "Xcode 3.2";
			developmentRegion = English;
			hasScannedForEncodings = 0;
			knownRegions = (
				en,
				Base,
			);
			mainGroup = 881902031E5FE8970099B1AE;
			productRefGroup = 8819020D1E5FE8970099B1AE /* Products */;
			projectDirPath = "";
			projectRoot = "";
			targets = (
				8819020B1E5FE8970099B1AE /* SwappingScreen */,
			);
		};
/* End PBXProject section */

/* Begin PBXResourcesBuildPhase section */
		8819020A1E5FE8970099B1AE /* Resources */ = {
			isa = PBXResourcesBuildPhase;
			buildActionMask = 2147483647;
			files = (
				8819021A1E5FE8970099B1AE /* LaunchScreen.storyboard in Resources */,
				881902171E5FE8970099B1AE /* Assets.xcassets in Resources */,
				881902151E5FE8970099B1AE /* Main.storyboard in Resources */,
			);
			runOnlyForDeploymentPostprocessing = 0;
		};
/* End PBXResourcesBuildPhase section */

/* Begin PBXSourcesBuildPhase section */
		881902081E5FE8970099B1AE /* Sources */ = {
			isa = PBXSourcesBuildPhase;
			buildActionMask = 2147483647;
			files = (
				88E2DF551E650FE200035716 /* MusicListVC.swift in Sources */,
				88E2DF571E65176500035716 /* PlaySongVC.swift in Sources */,
				881902121E5FE8970099B1AE /* LoginVC.swift in Sources */,
				881902101E5FE8970099B1AE /* AppDelegate.swift in Sources */,
			);
			runOnlyForDeploymentPostprocessing = 0;
		};
/* End PBXSourcesBuildPhase section */

/* Begin PBXVariantGroup section */
		881902131E5FE8970099B1AE /* Main.storyboard */ = {
			isa = PBXVariantGroup;
			children = (
				881902141E5FE8970099B1AE /* Base */,
			);
			name = Main.storyboard;
			sourceTree = "<group>";
		};
		881902181E5FE8970099B1AE /* LaunchScreen.storyboard */ = {
			isa = PBXVariantGroup;
			children = (
				881902191E5FE8970099B1AE /* Base */,
			);
			name = LaunchScreen.storyboard;
			sourceTree = "<group>";
		};
/* End PBXVariantGroup section */

/* Begin XCBuildConfiguration section */
		8819021C1E5FE8970099B1AE /* Debug */ = {
			isa = XCBuildConfiguration;
			buildSettings = {
				ALWAYS_SEARCH_USER_PATHS = NO;
				CLANG_ANALYZER_NONNULL = YES;
				CLANG_CXX_LANGUAGE_STANDARD = "gnu++0x";
				CLANG_CXX_LIBRARY = "libc++";
				CLANG_ENABLE_MODULES = YES;
				CLANG_ENABLE_OBJC_ARC = YES;
				CLANG_WARN_BOOL_CONVERSION = YES;
				CLANG_WARN_CONSTANT_CONVERSION = YES;
				CLANG_WARN_DIRECT_OBJC_ISA_USAGE = YES_ERROR;
				CLANG_WARN_DOCUMENTATION_COMMENTS = YES;
				CLANG_WARN_EMPTY_BODY = YES;
				CLANG_WARN_ENUM_CONVERSION = YES;
				CLANG_WARN_INFINITE_RECURSION = YES;
				CLANG_WARN_INT_CONVERSION = YES;
				CLANG_WARN_OBJC_ROOT_CLASS = YES_ERROR;
				CLANG_WARN_SUSPICIOUS_MOVE = YES;
				CLANG_WARN_UNREACHABLE_CODE = YES;
				CLANG_WARN__DUPLICATE_METHOD_MATCH = YES;
				"CODE_SIGN_IDENTITY[sdk=iphoneos*]" = "iPhone Developer";
				COPY_PHASE_STRIP = NO;
				DEBUG_INFORMATION_FORMAT = dwarf;
				ENABLE_STRICT_OBJC_MSGSEND = YES;
				ENABLE_TESTABILITY = YES;
				GCC_C_LANGUAGE_STANDARD = gnu99;
				GCC_DYNAMIC_NO_PIC = NO;
				GCC_NO_COMMON_BLOCKS = YES;
				GCC_OPTIMIZATION_LEVEL = 0;
				GCC_PREPROCESSOR_DEFINITIONS = (
					"DEBUG=1",
					"$(inherited)",
				);
				GCC_WARN_64_TO_32_BIT_CONVERSION = YES;
				GCC_WARN_ABOUT_RETURN_TYPE = YES_ERROR;
				GCC_WARN_UNDECLARED_SELECTOR = YES;
				GCC_WARN_UNINITIALIZED_AUTOS = YES_AGGRESSIVE;
				GCC_WARN_UNUSED_FUNCTION = YES;
				GCC_WARN_UNUSED_VARIABLE = YES;
				IPHONEOS_DEPLOYMENT_TARGET = 10.2;
				MTL_ENABLE_DEBUG_INFO = YES;
				ONLY_ACTIVE_ARCH = YES;
				SDKROOT = iphoneos;
				SWIFT_ACTIVE_COMPILATION_CONDITIONS = DEBUG;
				SWIFT_OPTIMIZATION_LEVEL = "-Onone";
				TARGETED_DEVICE_FAMILY = "1,2";
			};
			name = Debug;
		};
		8819021D1E5FE8970099B1AE /* Release */ = {
			isa = XCBuildConfiguration;
			buildSettings = {
				ALWAYS_SEARCH_USER_PATHS = NO;
				CLANG_ANALYZER_NONNULL = YES;
				CLANG_CXX_LANGUAGE_STANDARD = "gnu++0x";
				CLANG_CXX_LIBRARY = "libc++";
				CLANG_ENABLE_MODULES = YES;
				CLANG_ENABLE_OBJC_ARC = YES;
				CLANG_WARN_BOOL_CONVERSION = YES;
				CLANG_WARN_CONSTANT_CONVERSION = YES;
				CLANG_WARN_DIRECT_OBJC_ISA_USAGE = YES_ERROR;
				CLANG_WARN_DOCUMENTATION_COMMENTS = YES;
				CLANG_WARN_EMPTY_BODY = YES;
				CLANG_WARN_ENUM_CONVERSION = YES;
				CLANG_WARN_INFINITE_RECURSION = YES;
				CLANG_WARN_INT_CONVERSION = YES;
				CLANG_WARN_OBJC_ROOT_CLASS = YES_ERROR;
				CLANG_WARN_SUSPICIOUS_MOVE = YES;
				CLANG_WARN_UNREACHABLE_CODE = YES;
				CLANG_WARN__DUPLICATE_METHOD_MATCH = YES;
				"CODE_SIGN_IDENTITY[sdk=iphoneos*]" = "iPhone Developer";
				COPY_PHASE_STRIP = NO;
				DEBUG_INFORMATION_FORMAT = "dwarf-with-dsym";
				ENABLE_NS_ASSERTIONS = NO;
				ENABLE_STRICT_OBJC_MSGSEND = YES;
				GCC_C_LANGUAGE_STANDARD = gnu99;
				GCC_NO_COMMON_BLOCKS = YES;
				GCC_WARN_64_TO_32_BIT_CONVERSION = YES;
				GCC_WARN_ABOUT_RETURN_TYPE = YES_ERROR;
				GCC_WARN_UNDECLARED_SELECTOR = YES;
				GCC_WARN_UNINITIALIZED_AUTOS = YES_AGGRESSIVE;
				GCC_WARN_UNUSED_FUNCTION = YES;
				GCC_WARN_UNUSED_VARIABLE = YES;
				IPHONEOS_DEPLOYMENT_TARGET = 10.2;
				MTL_ENABLE_DEBUG_INFO = NO;
				SDKROOT = iphoneos;
				SWIFT_OPTIMIZATION_LEVEL = "-Owholemodule";
				TARGETED_DEVICE_FAMILY = "1,2";
				VALIDATE_PRODUCT = YES;
			};
			name = Release;
		};
		8819021F1E5FE8970099B1AE /* Debug */ = {
			isa = XCBuildConfiguration;
			buildSettings = {
				ASSETCATALOG_COMPILER_APPICON_NAME = AppIcon;
				INFOPLIST_FILE = SwappingScreen/Info.plist;
				LD_RUNPATH_SEARCH_PATHS = "$(inherited) @executable_path/Frameworks";
				PRODUCT_BUNDLE_IDENTIFIER = dixonlamond.SwappingScreen;
				PRODUCT_NAME = "$(TARGET_NAME)";
				SWIFT_VERSION = 3.0;
			};
			name = Debug;
		};
		881902201E5FE8970099B1AE /* Release */ = {
			isa = XCBuildConfiguration;
			buildSettings = {
				ASSETCATALOG_COMPILER_APPICON_NAME = AppIcon;
				INFOPLIST_FILE = SwappingScreen/Info.plist;
				LD_RUNPATH_SEARCH_PATHS = "$(inherited) @executable_path/Frameworks";
				PRODUCT_BUNDLE_IDENTIFIER = dixonlamond.SwappingScreen;
				PRODUCT_NAME = "$(TARGET_NAME)";
				SWIFT_VERSION = 3.0;
			};
			name = Release;
		};
/* End XCBuildConfiguration section */

/* Begin XCConfigurationList section */
		881902071E5FE8970099B1AE /* Build configuration list for PBXProject "SwappingScreen" */ = {
			isa = XCConfigurationList;
			buildConfigurations = (
				8819021C1E5FE8970099B1AE /* Debug */,
				8819021D1E5FE8970099B1AE /* Release */,
			);
			defaultConfigurationIsVisible = 0;
			defaultConfigurationName = Release;
		};
		8819021E1E5FE8970099B1AE /* Build configuration list for PBXNativeTarget "SwappingScreen" */ = {
			isa = XCConfigurationList;
			buildConfigurations = (
				8819021F1E5FE8970099B1AE /* Debug */,
				881902201E5FE8970099B1AE /* Release */,
			);
			defaultConfigurationIsVisible = 0;
			defaultConfigurationName = Release;
		};
/* End XCConfigurationList section */
	};
	rootObject = 881902041E5FE8970099B1AE /* Project object */;
}
